// !$*UTF8*$!
{
	archiveVersion = 1;
	classes = {
	};
	objectVersion = 46;
	objects = {

/* Begin PBXBuildFile section */
		C821067316B75AA700650F12 /* UIKit.framework in Frameworks */ = {isa = PBXBuildFile; fileRef = C821067216B75AA700650F12 /* UIKit.framework */; };
		C821067516B75AA700650F12 /* Foundation.framework in Frameworks */ = {isa = PBXBuildFile; fileRef = C821067416B75AA700650F12 /* Foundation.framework */; };
		C821067716B75AA700650F12 /* CoreGraphics.framework in Frameworks */ = {isa = PBXBuildFile; fileRef = C821067616B75AA700650F12 /* CoreGraphics.framework */; };
		C821067D16B75AA700650F12 /* InfoPlist.strings in Resources */ = {isa = PBXBuildFile; fileRef = C821067B16B75AA700650F12 /* InfoPlist.strings */; };
		C821067F16B75AA700650F12 /* main.m in Sources */ = {isa = PBXBuildFile; fileRef = C821067E16B75AA700650F12 /* main.m */; };
		C821068316B75AA700650F12 /* CSCI494AppDelegate.m in Sources */ = {isa = PBXBuildFile; fileRef = C821068216B75AA700650F12 /* CSCI494AppDelegate.m */; };
		C821068516B75AA700650F12 /* Default.png in Resources */ = {isa = PBXBuildFile; fileRef = C821068416B75AA700650F12 /* Default.png */; };
		C821068716B75AA700650F12 /* Default@2x.png in Resources */ = {isa = PBXBuildFile; fileRef = C821068616B75AA700650F12 /* Default@2x.png */; };
		C821068916B75AA700650F12 /* Default-568h@2x.png in Resources */ = {isa = PBXBuildFile; fileRef = C821068816B75AA700650F12 /* Default-568h@2x.png */; };
		C821068C16B75AA700650F12 /* MainStoryboard.storyboard in Resources */ = {isa = PBXBuildFile; fileRef = C821068A16B75AA700650F12 /* MainStoryboard.storyboard */; };
		C821068F16B75AA700650F12 /* CSCI494ViewController.m in Sources */ = {isa = PBXBuildFile; fileRef = C821068E16B75AA700650F12 /* CSCI494ViewController.m */; };
		C821069716B75AA800650F12 /* SenTestingKit.framework in Frameworks */ = {isa = PBXBuildFile; fileRef = C821069616B75AA800650F12 /* SenTestingKit.framework */; };
		C821069816B75AA800650F12 /* UIKit.framework in Frameworks */ = {isa = PBXBuildFile; fileRef = C821067216B75AA700650F12 /* UIKit.framework */; };
		C821069916B75AA800650F12 /* Foundation.framework in Frameworks */ = {isa = PBXBuildFile; fileRef = C821067416B75AA700650F12 /* Foundation.framework */; };
		C82106A116B75AA800650F12 /* InfoPlist.strings in Resources */ = {isa = PBXBuildFile; fileRef = C821069F16B75AA800650F12 /* InfoPlist.strings */; };
		C82106A416B75AA800650F12 /* iOS_Assignment_1Tests.m in Sources */ = {isa = PBXBuildFile; fileRef = C82106A316B75AA800650F12 /* iOS_Assignment_1Tests.m */; };
/* End PBXBuildFile section */

/* Begin PBXContainerItemProxy section */
		C821069A16B75AA800650F12 /* PBXContainerItemProxy */ = {
			isa = PBXContainerItemProxy;
			containerPortal = C821066516B75AA700650F12 /* Project object */;
			proxyType = 1;
			remoteGlobalIDString = C821066D16B75AA700650F12;
			remoteInfo = "iOS Assignment 1";
		};
/* End PBXContainerItemProxy section */

/* Begin PBXFileReference section */
		C821066E16B75AA700650F12 /* iOS Assignment 1.app */ = {isa = PBXFileReference; explicitFileType = wrapper.application; includeInIndex = 0; path = "iOS Assignment 1.app"; sourceTree = BUILT_PRODUCTS_DIR; };
		C821067216B75AA700650F12 /* UIKit.framework */ = {isa = PBXFileReference; lastKnownFileType = wrapper.framework; name = UIKit.framework; path = System/Library/Frameworks/UIKit.framework; sourceTree = SDKROOT; };
		C821067416B75AA700650F12 /* Foundation.framework */ = {isa = PBXFileReference; lastKnownFileType = wrapper.framework; name = Foundation.framework; path = System/Library/Frameworks/Foundation.framework; sourceTree = SDKROOT; };
		C821067616B75AA700650F12 /* CoreGraphics.framework */ = {isa = PBXFileReference; lastKnownFileType = wrapper.framework; name = CoreGraphics.framework; path = System/Library/Frameworks/CoreGraphics.framework; sourceTree = SDKROOT; };
		C821067A16B75AA700650F12 /* iOS Assignment 1-Info.plist */ = {isa = PBXFileReference; lastKnownFileType = text.plist.xml; path = "iOS Assignment 1-Info.plist"; sourceTree = "<group>"; };
		C821067C16B75AA700650F12 /* en */ = {isa = PBXFileReference; lastKnownFileType = text.plist.strings; name = en; path = en.lproj/InfoPlist.strings; sourceTree = "<group>"; };
		C821067E16B75AA700650F12 /* main.m */ = {isa = PBXFileReference; lastKnownFileType = sourcecode.c.objc; path = main.m; sourceTree = "<group>"; };
		C821068016B75AA700650F12 /* iOS Assignment 1-Prefix.pch */ = {isa = PBXFileReference; lastKnownFileType = sourcecode.c.h; path = "iOS Assignment 1-Prefix.pch"; sourceTree = "<group>"; };
		C821068116B75AA700650F12 /* CSCI494AppDelegate.h */ = {isa = PBXFileReference; lastKnownFileType = sourcecode.c.h; path = CSCI494AppDelegate.h; sourceTree = "<group>"; };
		C821068216B75AA700650F12 /* CSCI494AppDelegate.m */ = {isa = PBXFileReference; lastKnownFileType = sourcecode.c.objc; path = CSCI494AppDelegate.m; sourceTree = "<group>"; };
		C821068416B75AA700650F12 /* Default.png */ = {isa = PBXFileReference; lastKnownFileType = image.png; path = Default.png; sourceTree = "<group>"; };
		C821068616B75AA700650F12 /* Default@2x.png */ = {isa = PBXFileReference; lastKnownFileType = image.png; path = "Default@2x.png"; sourceTree = "<group>"; };
		C821068816B75AA700650F12 /* Default-568h@2x.png */ = {isa = PBXFileReference; lastKnownFileType = image.png; path = "Default-568h@2x.png"; sourceTree = "<group>"; };
		C821068B16B75AA700650F12 /* en */ = {isa = PBXFileReference; lastKnownFileType = file.storyboard; name = en; path = en.lproj/MainStoryboard.storyboard; sourceTree = "<group>"; };
		C821068D16B75AA700650F12 /* CSCI494ViewController.h */ = {isa = PBXFileReference; lastKnownFileType = sourcecode.c.h; path = CSCI494ViewController.h; sourceTree = "<group>"; };
		C821068E16B75AA700650F12 /* CSCI494ViewController.m */ = {isa = PBXFileReference; lastKnownFileType = sourcecode.c.objc; path = CSCI494ViewController.m; sourceTree = "<group>"; };
		C821069516B75AA800650F12 /* iOS Assignment 1Tests.octest */ = {isa = PBXFileReference; explicitFileType = wrapper.cfbundle; includeInIndex = 0; path = "iOS Assignment 1Tests.octest"; sourceTree = BUILT_PRODUCTS_DIR; };
		C821069616B75AA800650F12 /* SenTestingKit.framework */ = {isa = PBXFileReference; lastKnownFileType = wrapper.framework; name = SenTestingKit.framework; path = Library/Frameworks/SenTestingKit.framework; sourceTree = DEVELOPER_DIR; };
		C821069E16B75AA800650F12 /* iOS Assignment 1Tests-Info.plist */ = {isa = PBXFileReference; lastKnownFileType = text.plist.xml; path = "iOS Assignment 1Tests-Info.plist"; sourceTree = "<group>"; };
		C82106A016B75AA800650F12 /* en */ = {isa = PBXFileReference; lastKnownFileType = text.plist.strings; name = en; path = en.lproj/InfoPlist.strings; sourceTree = "<group>"; };
		C82106A216B75AA800650F12 /* iOS_Assignment_1Tests.h */ = {isa = PBXFileReference; lastKnownFileType = sourcecode.c.h; path = iOS_Assignment_1Tests.h; sourceTree = "<group>"; };
		C82106A316B75AA800650F12 /* iOS_Assignment_1Tests.m */ = {isa = PBXFileReference; lastKnownFileType = sourcecode.c.objc; path = iOS_Assignment_1Tests.m; sourceTree = "<group>"; };
/* End PBXFileReference section */

/* Begin PBXFrameworksBuildPhase section */
		C821066B16B75AA700650F12 /* Frameworks */ = {
			isa = PBXFrameworksBuildPhase;
			buildActionMask = 2147483647;
			files = (
				C821067316B75AA700650F12 /* UIKit.framework in Frameworks */,
				C821067516B75AA700650F12 /* Foundation.framework in Frameworks */,
				C821067716B75AA700650F12 /* CoreGraphics.framework in Frameworks */,
			);
			runOnlyForDeploymentPostprocessing = 0;
		};
		C821069116B75AA800650F12 /* Frameworks */ = {
			isa = PBXFrameworksBuildPhase;
			buildActionMask = 2147483647;
			files = (
				C821069716B75AA800650F12 /* SenTestingKit.framework in Frameworks */,
				C821069816B75AA800650F12 /* UIKit.framework in Frameworks */,
				C821069916B75AA800650F12 /* Foundation.framework in Frameworks */,
			);
			runOnlyForDeploymentPostprocessing = 0;
		};
/* End PBXFrameworksBuildPhase section */

/* Begin PBXGroup section */
		C821066316B75AA700650F12 = {
			isa = PBXGroup;
			children = (
				C821067816B75AA700650F12 /* iOS Assignment 1 */,
				C821069C16B75AA800650F12 /* iOS Assignment 1Tests */,
				C821067116B75AA700650F12 /* Frameworks */,
				C821066F16B75AA700650F12 /* Products */,
			);
			sourceTree = "<group>";
		};
		C821066F16B75AA700650F12 /* Products */ = {
			isa = PBXGroup;
			children = (
				C821066E16B75AA700650F12 /* iOS Assignment 1.app */,
				C821069516B75AA800650F12 /* iOS Assignment 1Tests.octest */,
			);
			name = Products;
			sourceTree = "<group>";
		};
		C821067116B75AA700650F12 /* Frameworks */ = {
			isa = PBXGroup;
			children = (
				C821067216B75AA700650F12 /* UIKit.framework */,
				C821067416B75AA700650F12 /* Foundation.framework */,
				C821067616B75AA700650F12 /* CoreGraphics.framework */,
				C821069616B75AA800650F12 /* SenTestingKit.framework */,
			);
			name = Frameworks;
			sourceTree = "<group>";
		};
		C821067816B75AA700650F12 /* iOS Assignment 1 */ = {
			isa = PBXGroup;
			children = (
				C821068116B75AA700650F12 /* CSCI494AppDelegate.h */,
				C821068216B75AA700650F12 /* CSCI494AppDelegate.m */,
				C821068A16B75AA700650F12 /* MainStoryboard.storyboard */,
				C821068D16B75AA700650F12 /* CSCI494ViewController.h */,
				C821068E16B75AA700650F12 /* CSCI494ViewController.m */,
				C821067916B75AA700650F12 /* Supporting Files */,
			);
			path = "iOS Assignment 1";
			sourceTree = "<group>";
		};
		C821067916B75AA700650F12 /* Supporting Files */ = {
			isa = PBXGroup;
			children = (
				C821067A16B75AA700650F12 /* iOS Assignment 1-Info.plist */,
				C821067B16B75AA700650F12 /* InfoPlist.strings */,
				C821067E16B75AA700650F12 /* main.m */,
				C821068016B75AA700650F12 /* iOS Assignment 1-Prefix.pch */,
				C821068416B75AA700650F12 /* Default.png */,
				C821068616B75AA700650F12 /* Default@2x.png */,
				C821068816B75AA700650F12 /* Default-568h@2x.png */,
			);
			name = "Supporting Files";
			sourceTree = "<group>";
		};
		C821069C16B75AA800650F12 /* iOS Assignment 1Tests */ = {
			isa = PBXGroup;
			children = (
				C82106A216B75AA800650F12 /* iOS_Assignment_1Tests.h */,
				C82106A316B75AA800650F12 /* iOS_Assignment_1Tests.m */,
				C821069D16B75AA800650F12 /* Supporting Files */,
			);
			path = "iOS Assignment 1Tests";
			sourceTree = "<group>";
		};
		C821069D16B75AA800650F12 /* Supporting Files */ = {
			isa = PBXGroup;
			children = (
				C821069E16B75AA800650F12 /* iOS Assignment 1Tests-Info.plist */,
				C821069F16B75AA800650F12 /* InfoPlist.strings */,
			);
			name = "Supporting Files";
			sourceTree = "<group>";
		};
/* End PBXGroup section */

/* Begin PBXNativeTarget section */
		C821066D16B75AA700650F12 /* iOS Assignment 1 */ = {
			isa = PBXNativeTarget;
			buildConfigurationList = C82106A716B75AA800650F12 /* Build configuration list for PBXNativeTarget "iOS Assignment 1" */;
			buildPhases = (
				C821066A16B75AA700650F12 /* Sources */,
				C821066B16B75AA700650F12 /* Frameworks */,
				C821066C16B75AA700650F12 /* Resources */,
			);
			buildRules = (
			);
			dependencies = (
			);
			name = "iOS Assignment 1";
			productName = "iOS Assignment 1";
			productReference = C821066E16B75AA700650F12 /* iOS Assignment 1.app */;
			productType = "com.apple.product-type.application";
		};
		C821069416B75AA800650F12 /* iOS Assignment 1Tests */ = {
			isa = PBXNativeTarget;
			buildConfigurationList = C82106AA16B75AA800650F12 /* Build configuration list for PBXNativeTarget "iOS Assignment 1Tests" */;
			buildPhases = (
				C821069016B75AA800650F12 /* Sources */,
				C821069116B75AA800650F12 /* Frameworks */,
				C821069216B75AA800650F12 /* Resources */,
				C821069316B75AA800650F12 /* ShellScript */,
			);
			buildRules = (
			);
			dependencies = (
				C821069B16B75AA800650F12 /* PBXTargetDependency */,
			);
			name = "iOS Assignment 1Tests";
			productName = "iOS Assignment 1Tests";
			productReference = C821069516B75AA800650F12 /* iOS Assignment 1Tests.octest */;
			productType = "com.apple.product-type.bundle";
		};
/* End PBXNativeTarget section */

/* Begin PBXProject section */
		C821066516B75AA700650F12 /* Project object */ = {
			isa = PBXProject;
			attributes = {
				CLASSPREFIX = CSCI494;
				LastUpgradeCheck = 0450;
				ORGANIZATIONNAME = "Andrew Wilson";
			};
			buildConfigurationList = C821066816B75AA700650F12 /* Build configuration list for PBXProject "iOS Assignment 1" */;
			compatibilityVersion = "Xcode 3.2";
			developmentRegion = English;
			hasScannedForEncodings = 0;
			knownRegions = (
				en,
			);
			mainGroup = C821066316B75AA700650F12;
			productRefGroup = C821066F16B75AA700650F12 /* Products */;
			projectDirPath = "";
			projectRoot = "";
			targets = (
				C821066D16B75AA700650F12 /* iOS Assignment 1 */,
				C821069416B75AA800650F12 /* iOS Assignment 1Tests */,
			);
		};
/* End PBXProject section */

/* Begin PBXResourcesBuildPhase section */
		C821066C16B75AA700650F12 /* Resources */ = {
			isa = PBXResourcesBuildPhase;
			buildActionMask = 2147483647;
			files = (
				C821067D16B75AA700650F12 /* InfoPlist.strings in Resources */,
				C821068516B75AA700650F12 /* Default.png in Resources */,
				C821068716B75AA700650F12 /* Default@2x.png in Resources */,
				C821068916B75AA700650F12 /* Default-568h@2x.png in Resources */,
				C821068C16B75AA700650F12 /* MainStoryboard.storyboard in Resources */,
			);
			runOnlyForDeploymentPostprocessing = 0;
		};
		C821069216B75AA800650F12 /* Resources */ = {
			isa = PBXResourcesBuildPhase;
			buildActionMask = 2147483647;
			files = (
				C82106A116B75AA800650F12 /* InfoPlist.strings in Resources */,
			);
			runOnlyForDeploymentPostprocessing = 0;
		};
/* End PBXResourcesBuildPhase section */

/* Begin PBXShellScriptBuildPhase section */
		C821069316B75AA800650F12 /* ShellScript */ = {
			isa = PBXShellScriptBuildPhase;
			buildActionMask = 2147483647;
			files = (
			);
			inputPaths = (
			);
			outputPaths = (
			);
			runOnlyForDeploymentPostprocessing = 0;
			shellPath = /bin/sh;
			shellScript = "# Run the unit tests in this test bundle.\n\"${SYSTEM_DEVELOPER_DIR}/Tools/RunUnitTests\"\n";
		};
/* End PBXShellScriptBuildPhase section */

/* Begin PBXSourcesBuildPhase section */
		C821066A16B75AA700650F12 /* Sources */ = {
			isa = PBXSourcesBuildPhase;
			buildActionMask = 2147483647;
			files = (
				C821067F16B75AA700650F12 /* main.m in Sources */,
				C821068316B75AA700650F12 /* CSCI494AppDelegate.m in Sources */,
				C821068F16B75AA700650F12 /* CSCI494ViewController.m in Sources */,
			);
			runOnlyForDeploymentPostprocessing = 0;
		};
		C821069016B75AA800650F12 /* Sources */ = {
			isa = PBXSourcesBuildPhase;
			buildActionMask = 2147483647;
			files = (
				C82106A416B75AA800650F12 /* iOS_Assignment_1Tests.m in Sources */,
			);
			runOnlyForDeploymentPostprocessing = 0;
		};
/* End PBXSourcesBuildPhase section */

/* Begin PBXTargetDependency section */
		C821069B16B75AA800650F12 /* PBXTargetDependency */ = {
			isa = PBXTargetDependency;
			target = C821066D16B75AA700650F12 /* iOS Assignment 1 */;
			targetProxy = C821069A16B75AA800650F12 /* PBXContainerItemProxy */;
		};
/* End PBXTargetDependency section */

/* Begin PBXVariantGroup section */
		C821067B16B75AA700650F12 /* InfoPlist.strings */ = {
			isa = PBXVariantGroup;
			children = (
				C821067C16B75AA700650F12 /* en */,
			);
			name = InfoPlist.strings;
			sourceTree = "<group>";
		};
		C821068A16B75AA700650F12 /* MainStoryboard.storyboard */ = {
			isa = PBXVariantGroup;
			children = (
				C821068B16B75AA700650F12 /* en */,
			);
			name = MainStoryboard.storyboard;
			sourceTree = "<group>";
		};
		C821069F16B75AA800650F12 /* InfoPlist.strings */ = {
			isa = PBXVariantGroup;
			children = (
				C82106A016B75AA800650F12 /* en */,
			);
			name = InfoPlist.strings;
			sourceTree = "<group>";
		};
/* End PBXVariantGroup section */

/* Begin XCBuildConfiguration section */
		C82106A516B75AA800650F12 /* Debug */ = {
			isa = XCBuildConfiguration;
			buildSettings = {
				ALWAYS_SEARCH_USER_PATHS = NO;
				CLANG_CXX_LANGUAGE_STANDARD = "gnu++0x";
				CLANG_CXX_LIBRARY = "libc++";
				CLANG_ENABLE_OBJC_ARC = YES;
				CLANG_WARN_EMPTY_BODY = YES;
				CLANG_WARN__DUPLICATE_METHOD_MATCH = YES;
				"CODE_SIGN_IDENTITY[sdk=iphoneos*]" = "iPhone Developer";
				COPY_PHASE_STRIP = NO;
				GCC_C_LANGUAGE_STANDARD = gnu99;
				GCC_DYNAMIC_NO_PIC = NO;
				GCC_OPTIMIZATION_LEVEL = 0;
				GCC_PREPROCESSOR_DEFINITIONS = (
					"DEBUG=1",
					"$(inherited)",
				);
				GCC_SYMBOLS_PRIVATE_EXTERN = NO;
				GCC_WARN_ABOUT_RETURN_TYPE = YES;
				GCC_WARN_UNINITIALIZED_AUTOS = YES;
				GCC_WARN_UNUSED_VARIABLE = YES;
				IPHONEOS_DEPLOYMENT_TARGET = 6.0;
				ONLY_ACTIVE_ARCH = YES;
				SDKROOT = iphoneos;
			};
			name = Debug;
		};
		C82106A616B75AA800650F12 /* Release */ = {
			isa = XCBuildConfiguration;
			buildSettings = {
				ALWAYS_SEARCH_USER_PATHS = NO;
				CLANG_CXX_LANGUAGE_STANDARD = "gnu++0x";
				CLANG_CXX_LIBRARY = "libc++";
				CLANG_ENABLE_OBJC_ARC = YES;
				CLANG_WARN_EMPTY_BODY = YES;
				CLANG_WARN__DUPLICATE_METHOD_MATCH = YES;
				"CODE_SIGN_IDENTITY[sdk=iphoneos*]" = "iPhone Developer";
				COPY_PHASE_STRIP = YES;
				GCC_C_LANGUAGE_STANDARD = gnu99;
				GCC_WARN_ABOUT_RETURN_TYPE = YES;
				GCC_WARN_UNINITIALIZED_AUTOS = YES;
				GCC_WARN_UNUSED_VARIABLE = YES;
				IPHONEOS_DEPLOYMENT_TARGET = 6.0;
				OTHER_CFLAGS = "-DNS_BLOCK_ASSERTIONS=1";
				SDKROOT = iphoneos;
				VALIDATE_PRODUCT = YES;
			};
			name = Release;
		};
		C82106A816B75AA800650F12 /* Debug */ = {
			isa = XCBuildConfiguration;
			buildSettings = {
				GCC_PRECOMPILE_PREFIX_HEADER = YES;
				GCC_PREFIX_HEADER = "iOS Assignment 1/iOS Assignment 1-Prefix.pch";
				INFOPLIST_FILE = "iOS Assignment 1/iOS Assignment 1-Info.plist";
				PRODUCT_NAME = "$(TARGET_NAME)";
				WRAPPER_EXTENSION = app;
			};
			name = Debug;
		};
		C82106A916B75AA800650F12 /* Release */ = {
			isa = XCBuildConfiguration;
			buildSettings = {
				GCC_PRECOMPILE_PREFIX_HEADER = YES;
				GCC_PREFIX_HEADER = "iOS Assignment 1/iOS Assignment 1-Prefix.pch";
				INFOPLIST_FILE = "iOS Assignment 1/iOS Assignment 1-Info.plist";
				PRODUCT_NAME = "$(TARGET_NAME)";
				WRAPPER_EXTENSION = app;
			};
			name = Release;
		};
		C82106AB16B75AA800650F12 /* Debug */ = {
			isa = XCBuildConfiguration;
			buildSettings = {
				BUNDLE_LOADER = "$(BUILT_PRODUCTS_DIR)/iOS Assignment 1.app/iOS Assignment 1";
				FRAMEWORK_SEARCH_PATHS = (
					"\"$(SDKROOT)/Developer/Library/Frameworks\"",
					"\"$(DEVELOPER_LIBRARY_DIR)/Frameworks\"",
				);
				GCC_PRECOMPILE_PREFIX_HEADER = YES;
				GCC_PREFIX_HEADER = "iOS Assignment 1/iOS Assignment 1-Prefix.pch";
				INFOPLIST_FILE = "iOS Assignment 1Tests/iOS Assignment 1Tests-Info.plist";
				PRODUCT_NAME = "$(TARGET_NAME)";
				TEST_HOST = "$(BUNDLE_LOADER)";
				WRAPPER_EXTENSION = octest;
			};
			name = Debug;
		};
		C82106AC16B75AA800650F12 /* Release */ = {
			isa = XCBuildConfiguration;
			buildSettings = {
				BUNDLE_LOADER = "$(BUILT_PRODUCTS_DIR)/iOS Assignment 1.app/iOS Assignment 1";
				FRAMEWORK_SEARCH_PATHS = (
					"\"$(SDKROOT)/Developer/Library/Frameworks\"",
					"\"$(DEVELOPER_LIBRARY_DIR)/Frameworks\"",
				);
				GCC_PRECOMPILE_PREFIX_HEADER = YES;
				GCC_PREFIX_HEADER = "iOS Assignment 1/iOS Assignment 1-Prefix.pch";
				INFOPLIST_FILE = "iOS Assignment 1Tests/iOS Assignment 1Tests-Info.plist";
				PRODUCT_NAME = "$(TARGET_NAME)";
				TEST_HOST = "$(BUNDLE_LOADER)";
				WRAPPER_EXTENSION = octest;
			};
			name = Release;
		};
/* End XCBuildConfiguration section */

/* Begin XCConfigurationList section */
		C821066816B75AA700650F12 /* Build configuration list for PBXProject "iOS Assignment 1" */ = {
			isa = XCConfigurationList;
			buildConfigurations = (
				C82106A516B75AA800650F12 /* Debug */,
				C82106A616B75AA800650F12 /* Release */,
			);
			defaultConfigurationIsVisible = 0;
			defaultConfigurationName = Release;
		};
		C82106A716B75AA800650F12 /* Build configuration list for PBXNativeTarget "iOS Assignment 1" */ = {
			isa = XCConfigurationList;
			buildConfigurations = (
				C82106A816B75AA800650F12 /* Debug */,
				C82106A916B75AA800650F12 /* Release */,
			);
			defaultConfigurationIsVisible = 0;
		};
		C82106AA16B75AA800650F12 /* Build configuration list for PBXNativeTarget "iOS Assignment 1Tests" */ = {
			isa = XCConfigurationList;
			buildConfigurations = (
				C82106AB16B75AA800650F12 /* Debug */,
				C82106AC16B75AA800650F12 /* Release */,
			);
			defaultConfigurationIsVisible = 0;
		};
/* End XCConfigurationList section */
	};
	rootObject = C821066516B75AA700650F12 /* Project object */;
}
