// !$*UTF8*$!
{
	archiveVersion = 1;
	classes = {
	};
	objectVersion = 46;
	objects = {

/* Begin PBXBuildFile section */
		C821062916B74F8100650F12 /* UIKit.framework in Frameworks */ = {isa = PBXBuildFile; fileRef = C821062816B74F8100650F12 /* UIKit.framework */; };
		C821062B16B74F8100650F12 /* Foundation.framework in Frameworks */ = {isa = PBXBuildFile; fileRef = C821062A16B74F8100650F12 /* Foundation.framework */; };
		C821062D16B74F8100650F12 /* CoreGraphics.framework in Frameworks */ = {isa = PBXBuildFile; fileRef = C821062C16B74F8100650F12 /* CoreGraphics.framework */; };
		C821063316B74F8100650F12 /* InfoPlist.strings in Resources */ = {isa = PBXBuildFile; fileRef = C821063116B74F8100650F12 /* InfoPlist.strings */; };
		C821063516B74F8100650F12 /* main.m in Sources */ = {isa = PBXBuildFile; fileRef = C821063416B74F8100650F12 /* main.m */; };
		C821063916B74F8100650F12 /* CSCI494AppDelegate.m in Sources */ = {isa = PBXBuildFile; fileRef = C821063816B74F8100650F12 /* CSCI494AppDelegate.m */; };
		C821063B16B74F8100650F12 /* Default.png in Resources */ = {isa = PBXBuildFile; fileRef = C821063A16B74F8100650F12 /* Default.png */; };
		C821063D16B74F8100650F12 /* Default@2x.png in Resources */ = {isa = PBXBuildFile; fileRef = C821063C16B74F8100650F12 /* Default@2x.png */; };
		C821063F16B74F8100650F12 /* Default-568h@2x.png in Resources */ = {isa = PBXBuildFile; fileRef = C821063E16B74F8100650F12 /* Default-568h@2x.png */; };
		C821064216B74F8100650F12 /* MainStoryboard.storyboard in Resources */ = {isa = PBXBuildFile; fileRef = C821064016B74F8100650F12 /* MainStoryboard.storyboard */; };
		C821064516B74F8100650F12 /* CSCI494ViewController.m in Sources */ = {isa = PBXBuildFile; fileRef = C821064416B74F8100650F12 /* CSCI494ViewController.m */; };
		C821064D16B74F8100650F12 /* SenTestingKit.framework in Frameworks */ = {isa = PBXBuildFile; fileRef = C821064C16B74F8100650F12 /* SenTestingKit.framework */; };
		C821064E16B74F8100650F12 /* UIKit.framework in Frameworks */ = {isa = PBXBuildFile; fileRef = C821062816B74F8100650F12 /* UIKit.framework */; };
		C821064F16B74F8100650F12 /* Foundation.framework in Frameworks */ = {isa = PBXBuildFile; fileRef = C821062A16B74F8100650F12 /* Foundation.framework */; };
		C821065716B74F8100650F12 /* InfoPlist.strings in Resources */ = {isa = PBXBuildFile; fileRef = C821065516B74F8100650F12 /* InfoPlist.strings */; };
		C821065A16B74F8100650F12 /* iOSAssignment_1Tests.m in Sources */ = {isa = PBXBuildFile; fileRef = C821065916B74F8100650F12 /* iOSAssignment_1Tests.m */; };
/* End PBXBuildFile section */

/* Begin PBXContainerItemProxy section */
		C821065016B74F8100650F12 /* PBXContainerItemProxy */ = {
			isa = PBXContainerItemProxy;
			containerPortal = C821061B16B74F8100650F12 /* Project object */;
			proxyType = 1;
			remoteGlobalIDString = C821062316B74F8100650F12;
			remoteInfo = "iOSAssignment 1";
		};
/* End PBXContainerItemProxy section */

/* Begin PBXFileReference section */
		C821062416B74F8100650F12 /* iOSAssignment 1.app */ = {isa = PBXFileReference; explicitFileType = wrapper.application; includeInIndex = 0; path = "iOSAssignment 1.app"; sourceTree = BUILT_PRODUCTS_DIR; };
		C821062816B74F8100650F12 /* UIKit.framework */ = {isa = PBXFileReference; lastKnownFileType = wrapper.framework; name = UIKit.framework; path = System/Library/Frameworks/UIKit.framework; sourceTree = SDKROOT; };
		C821062A16B74F8100650F12 /* Foundation.framework */ = {isa = PBXFileReference; lastKnownFileType = wrapper.framework; name = Foundation.framework; path = System/Library/Frameworks/Foundation.framework; sourceTree = SDKROOT; };
		C821062C16B74F8100650F12 /* CoreGraphics.framework */ = {isa = PBXFileReference; lastKnownFileType = wrapper.framework; name = CoreGraphics.framework; path = System/Library/Frameworks/CoreGraphics.framework; sourceTree = SDKROOT; };
		C821063016B74F8100650F12 /* iOSAssignment 1-Info.plist */ = {isa = PBXFileReference; lastKnownFileType = text.plist.xml; path = "iOSAssignment 1-Info.plist"; sourceTree = "<group>"; };
		C821063216B74F8100650F12 /* en */ = {isa = PBXFileReference; lastKnownFileType = text.plist.strings; name = en; path = en.lproj/InfoPlist.strings; sourceTree = "<group>"; };
		C821063416B74F8100650F12 /* main.m */ = {isa = PBXFileReference; lastKnownFileType = sourcecode.c.objc; path = main.m; sourceTree = "<group>"; };
		C821063616B74F8100650F12 /* iOSAssignment 1-Prefix.pch */ = {isa = PBXFileReference; lastKnownFileType = sourcecode.c.h; path = "iOSAssignment 1-Prefix.pch"; sourceTree = "<group>"; };
		C821063716B74F8100650F12 /* CSCI494AppDelegate.h */ = {isa = PBXFileReference; lastKnownFileType = sourcecode.c.h; path = CSCI494AppDelegate.h; sourceTree = "<group>"; };
		C821063816B74F8100650F12 /* CSCI494AppDelegate.m */ = {isa = PBXFileReference; lastKnownFileType = sourcecode.c.objc; path = CSCI494AppDelegate.m; sourceTree = "<group>"; };
		C821063A16B74F8100650F12 /* Default.png */ = {isa = PBXFileReference; lastKnownFileType = image.png; path = Default.png; sourceTree = "<group>"; };
		C821063C16B74F8100650F12 /* Default@2x.png */ = {isa = PBXFileReference; lastKnownFileType = image.png; path = "Default@2x.png"; sourceTree = "<group>"; };
		C821063E16B74F8100650F12 /* Default-568h@2x.png */ = {isa = PBXFileReference; lastKnownFileType = image.png; path = "Default-568h@2x.png"; sourceTree = "<group>"; };
		C821064116B74F8100650F12 /* en */ = {isa = PBXFileReference; lastKnownFileType = file.storyboard; name = en; path = en.lproj/MainStoryboard.storyboard; sourceTree = "<group>"; };
		C821064316B74F8100650F12 /* CSCI494ViewController.h */ = {isa = PBXFileReference; lastKnownFileType = sourcecode.c.h; path = CSCI494ViewController.h; sourceTree = "<group>"; };
		C821064416B74F8100650F12 /* CSCI494ViewController.m */ = {isa = PBXFileReference; lastKnownFileType = sourcecode.c.objc; path = CSCI494ViewController.m; sourceTree = "<group>"; };
		C821064B16B74F8100650F12 /* iOSAssignment 1Tests.octest */ = {isa = PBXFileReference; explicitFileType = wrapper.cfbundle; includeInIndex = 0; path = "iOSAssignment 1Tests.octest"; sourceTree = BUILT_PRODUCTS_DIR; };
		C821064C16B74F8100650F12 /* SenTestingKit.framework */ = {isa = PBXFileReference; lastKnownFileType = wrapper.framework; name = SenTestingKit.framework; path = Library/Frameworks/SenTestingKit.framework; sourceTree = DEVELOPER_DIR; };
		C821065416B74F8100650F12 /* iOSAssignment 1Tests-Info.plist */ = {isa = PBXFileReference; lastKnownFileType = text.plist.xml; path = "iOSAssignment 1Tests-Info.plist"; sourceTree = "<group>"; };
		C821065616B74F8100650F12 /* en */ = {isa = PBXFileReference; lastKnownFileType = text.plist.strings; name = en; path = en.lproj/InfoPlist.strings; sourceTree = "<group>"; };
		C821065816B74F8100650F12 /* iOSAssignment_1Tests.h */ = {isa = PBXFileReference; lastKnownFileType = sourcecode.c.h; path = iOSAssignment_1Tests.h; sourceTree = "<group>"; };
		C821065916B74F8100650F12 /* iOSAssignment_1Tests.m */ = {isa = PBXFileReference; lastKnownFileType = sourcecode.c.objc; path = iOSAssignment_1Tests.m; sourceTree = "<group>"; };
/* End PBXFileReference section */

/* Begin PBXFrameworksBuildPhase section */
		C821062116B74F8100650F12 /* Frameworks */ = {
			isa = PBXFrameworksBuildPhase;
			buildActionMask = 2147483647;
			files = (
				C821062916B74F8100650F12 /* UIKit.framework in Frameworks */,
				C821062B16B74F8100650F12 /* Foundation.framework in Frameworks */,
				C821062D16B74F8100650F12 /* CoreGraphics.framework in Frameworks */,
			);
			runOnlyForDeploymentPostprocessing = 0;
		};
		C821064716B74F8100650F12 /* Frameworks */ = {
			isa = PBXFrameworksBuildPhase;
			buildActionMask = 2147483647;
			files = (
				C821064D16B74F8100650F12 /* SenTestingKit.framework in Frameworks */,
				C821064E16B74F8100650F12 /* UIKit.framework in Frameworks */,
				C821064F16B74F8100650F12 /* Foundation.framework in Frameworks */,
			);
			runOnlyForDeploymentPostprocessing = 0;
		};
/* End PBXFrameworksBuildPhase section */

/* Begin PBXGroup section */
		C821061916B74F8100650F12 = {
			isa = PBXGroup;
			children = (
				C821062E16B74F8100650F12 /* iOSAssignment 1 */,
				C821065216B74F8100650F12 /* iOSAssignment 1Tests */,
				C821062716B74F8100650F12 /* Frameworks */,
				C821062516B74F8100650F12 /* Products */,
			);
			sourceTree = "<group>";
		};
		C821062516B74F8100650F12 /* Products */ = {
			isa = PBXGroup;
			children = (
				C821062416B74F8100650F12 /* iOSAssignment 1.app */,
				C821064B16B74F8100650F12 /* iOSAssignment 1Tests.octest */,
			);
			name = Products;
			sourceTree = "<group>";
		};
		C821062716B74F8100650F12 /* Frameworks */ = {
			isa = PBXGroup;
			children = (
				C821062816B74F8100650F12 /* UIKit.framework */,
				C821062A16B74F8100650F12 /* Foundation.framework */,
				C821062C16B74F8100650F12 /* CoreGraphics.framework */,
				C821064C16B74F8100650F12 /* SenTestingKit.framework */,
			);
			name = Frameworks;
			sourceTree = "<group>";
		};
		C821062E16B74F8100650F12 /* iOSAssignment 1 */ = {
			isa = PBXGroup;
			children = (
				C821063716B74F8100650F12 /* CSCI494AppDelegate.h */,
				C821063816B74F8100650F12 /* CSCI494AppDelegate.m */,
				C821064016B74F8100650F12 /* MainStoryboard.storyboard */,
				C821064316B74F8100650F12 /* CSCI494ViewController.h */,
				C821064416B74F8100650F12 /* CSCI494ViewController.m */,
				C821062F16B74F8100650F12 /* Supporting Files */,
			);
			path = "iOSAssignment 1";
			sourceTree = "<group>";
		};
		C821062F16B74F8100650F12 /* Supporting Files */ = {
			isa = PBXGroup;
			children = (
				C821063016B74F8100650F12 /* iOSAssignment 1-Info.plist */,
				C821063116B74F8100650F12 /* InfoPlist.strings */,
				C821063416B74F8100650F12 /* main.m */,
				C821063616B74F8100650F12 /* iOSAssignment 1-Prefix.pch */,
				C821063A16B74F8100650F12 /* Default.png */,
				C821063C16B74F8100650F12 /* Default@2x.png */,
				C821063E16B74F8100650F12 /* Default-568h@2x.png */,
			);
			name = "Supporting Files";
			sourceTree = "<group>";
		};
		C821065216B74F8100650F12 /* iOSAssignment 1Tests */ = {
			isa = PBXGroup;
			children = (
				C821065816B74F8100650F12 /* iOSAssignment_1Tests.h */,
				C821065916B74F8100650F12 /* iOSAssignment_1Tests.m */,
				C821065316B74F8100650F12 /* Supporting Files */,
			);
			path = "iOSAssignment 1Tests";
			sourceTree = "<group>";
		};
		C821065316B74F8100650F12 /* Supporting Files */ = {
			isa = PBXGroup;
			children = (
				C821065416B74F8100650F12 /* iOSAssignment 1Tests-Info.plist */,
				C821065516B74F8100650F12 /* InfoPlist.strings */,
			);
			name = "Supporting Files";
			sourceTree = "<group>";
		};
/* End PBXGroup section */

/* Begin PBXNativeTarget section */
		C821062316B74F8100650F12 /* iOSAssignment 1 */ = {
			isa = PBXNativeTarget;
			buildConfigurationList = C821065D16B74F8100650F12 /* Build configuration list for PBXNativeTarget "iOSAssignment 1" */;
			buildPhases = (
				C821062016B74F8100650F12 /* Sources */,
				C821062116B74F8100650F12 /* Frameworks */,
				C821062216B74F8100650F12 /* Resources */,
			);
			buildRules = (
			);
			dependencies = (
			);
			name = "iOSAssignment 1";
			productName = "iOSAssignment 1";
			productReference = C821062416B74F8100650F12 /* iOSAssignment 1.app */;
			productType = "com.apple.product-type.application";
		};
		C821064A16B74F8100650F12 /* iOSAssignment 1Tests */ = {
			isa = PBXNativeTarget;
			buildConfigurationList = C821066016B74F8100650F12 /* Build configuration list for PBXNativeTarget "iOSAssignment 1Tests" */;
			buildPhases = (
				C821064616B74F8100650F12 /* Sources */,
				C821064716B74F8100650F12 /* Frameworks */,
				C821064816B74F8100650F12 /* Resources */,
				C821064916B74F8100650F12 /* ShellScript */,
			);
			buildRules = (
			);
			dependencies = (
				C821065116B74F8100650F12 /* PBXTargetDependency */,
			);
			name = "iOSAssignment 1Tests";
			productName = "iOSAssignment 1Tests";
			productReference = C821064B16B74F8100650F12 /* iOSAssignment 1Tests.octest */;
			productType = "com.apple.product-type.bundle";
		};
/* End PBXNativeTarget section */

/* Begin PBXProject section */
		C821061B16B74F8100650F12 /* Project object */ = {
			isa = PBXProject;
			attributes = {
				CLASSPREFIX = CSCI494;
				LastUpgradeCheck = 0450;
				ORGANIZATIONNAME = "Andrew Wilson";
			};
			buildConfigurationList = C821061E16B74F8100650F12 /* Build configuration list for PBXProject "iOSAssignment 1" */;
			compatibilityVersion = "Xcode 3.2";
			developmentRegion = English;
			hasScannedForEncodings = 0;
			knownRegions = (
				en,
			);
			mainGroup = C821061916B74F8100650F12;
			productRefGroup = C821062516B74F8100650F12 /* Products */;
			projectDirPath = "";
			projectRoot = "";
			targets = (
				C821062316B74F8100650F12 /* iOSAssignment 1 */,
				C821064A16B74F8100650F12 /* iOSAssignment 1Tests */,
			);
		};
/* End PBXProject section */

/* Begin PBXResourcesBuildPhase section */
		C821062216B74F8100650F12 /* Resources */ = {
			isa = PBXResourcesBuildPhase;
			buildActionMask = 2147483647;
			files = (
				C821063316B74F8100650F12 /* InfoPlist.strings in Resources */,
				C821063B16B74F8100650F12 /* Default.png in Resources */,
				C821063D16B74F8100650F12 /* Default@2x.png in Resources */,
				C821063F16B74F8100650F12 /* Default-568h@2x.png in Resources */,
				C821064216B74F8100650F12 /* MainStoryboard.storyboard in Resources */,
			);
			runOnlyForDeploymentPostprocessing = 0;
		};
		C821064816B74F8100650F12 /* Resources */ = {
			isa = PBXResourcesBuildPhase;
			buildActionMask = 2147483647;
			files = (
				C821065716B74F8100650F12 /* InfoPlist.strings in Resources */,
			);
			runOnlyForDeploymentPostprocessing = 0;
		};
/* End PBXResourcesBuildPhase section */

/* Begin PBXShellScriptBuildPhase section */
		C821064916B74F8100650F12 /* ShellScript */ = {
			isa = PBXShellScriptBuildPhase;
			buildActionMask = 2147483647;
			files = (
			);
			inputPaths = (
			);
			outputPaths = (
			);
			runOnlyForDeploymentPostprocessing = 0;
			shellPath = /bin/sh;
			shellScript = "# Run the unit tests in this test bundle.\n\"${SYSTEM_DEVELOPER_DIR}/Tools/RunUnitTests\"\n";
		};
/* End PBXShellScriptBuildPhase section */

/* Begin PBXSourcesBuildPhase section */
		C821062016B74F8100650F12 /* Sources */ = {
			isa = PBXSourcesBuildPhase;
			buildActionMask = 2147483647;
			files = (
				C821063516B74F8100650F12 /* main.m in Sources */,
				C821063916B74F8100650F12 /* CSCI494AppDelegate.m in Sources */,
				C821064516B74F8100650F12 /* CSCI494ViewController.m in Sources */,
			);
			runOnlyForDeploymentPostprocessing = 0;
		};
		C821064616B74F8100650F12 /* Sources */ = {
			isa = PBXSourcesBuildPhase;
			buildActionMask = 2147483647;
			files = (
				C821065A16B74F8100650F12 /* iOSAssignment_1Tests.m in Sources */,
			);
			runOnlyForDeploymentPostprocessing = 0;
		};
/* End PBXSourcesBuildPhase section */

/* Begin PBXTargetDependency section */
		C821065116B74F8100650F12 /* PBXTargetDependency */ = {
			isa = PBXTargetDependency;
			target = C821062316B74F8100650F12 /* iOSAssignment 1 */;
			targetProxy = C821065016B74F8100650F12 /* PBXContainerItemProxy */;
		};
/* End PBXTargetDependency section */

/* Begin PBXVariantGroup section */
		C821063116B74F8100650F12 /* InfoPlist.strings */ = {
			isa = PBXVariantGroup;
			children = (
				C821063216B74F8100650F12 /* en */,
			);
			name = InfoPlist.strings;
			sourceTree = "<group>";
		};
		C821064016B74F8100650F12 /* MainStoryboard.storyboard */ = {
			isa = PBXVariantGroup;
			children = (
				C821064116B74F8100650F12 /* en */,
			);
			name = MainStoryboard.storyboard;
			sourceTree = "<group>";
		};
		C821065516B74F8100650F12 /* InfoPlist.strings */ = {
			isa = PBXVariantGroup;
			children = (
				C821065616B74F8100650F12 /* en */,
			);
			name = InfoPlist.strings;
			sourceTree = "<group>";
		};
/* End PBXVariantGroup section */

/* Begin XCBuildConfiguration section */
		C821065B16B74F8100650F12 /* Debug */ = {
			isa = XCBuildConfiguration;
			buildSettings = {
				ALWAYS_SEARCH_USER_PATHS = NO;
				CLANG_CXX_LANGUAGE_STANDARD = "gnu++0x";
				CLANG_CXX_LIBRARY = "libc++";
				CLANG_ENABLE_OBJC_ARC = YES;
				CLANG_WARN_EMPTY_BODY = YES;
				CLANG_WARN__DUPLICATE_METHOD_MATCH = YES;
				"CODE_SIGN_IDENTITY[sdk=iphoneos*]" = "iPhone Developer";
				COPY_PHASE_STRIP = NO;
				GCC_C_LANGUAGE_STANDARD = gnu99;
				GCC_DYNAMIC_NO_PIC = NO;
				GCC_OPTIMIZATION_LEVEL = 0;
				GCC_PREPROCESSOR_DEFINITIONS = (
					"DEBUG=1",
					"$(inherited)",
				);
				GCC_SYMBOLS_PRIVATE_EXTERN = NO;
				GCC_WARN_ABOUT_RETURN_TYPE = YES;
				GCC_WARN_UNINITIALIZED_AUTOS = YES;
				GCC_WARN_UNUSED_VARIABLE = YES;
				IPHONEOS_DEPLOYMENT_TARGET = 6.0;
				ONLY_ACTIVE_ARCH = YES;
				SDKROOT = iphoneos;
			};
			name = Debug;
		};
		C821065C16B74F8100650F12 /* Release */ = {
			isa = XCBuildConfiguration;
			buildSettings = {
				ALWAYS_SEARCH_USER_PATHS = NO;
				CLANG_CXX_LANGUAGE_STANDARD = "gnu++0x";
				CLANG_CXX_LIBRARY = "libc++";
				CLANG_ENABLE_OBJC_ARC = YES;
				CLANG_WARN_EMPTY_BODY = YES;
				CLANG_WARN__DUPLICATE_METHOD_MATCH = YES;
				"CODE_SIGN_IDENTITY[sdk=iphoneos*]" = "iPhone Developer";
				COPY_PHASE_STRIP = YES;
				GCC_C_LANGUAGE_STANDARD = gnu99;
				GCC_WARN_ABOUT_RETURN_TYPE = YES;
				GCC_WARN_UNINITIALIZED_AUTOS = YES;
				GCC_WARN_UNUSED_VARIABLE = YES;
				IPHONEOS_DEPLOYMENT_TARGET = 6.0;
				OTHER_CFLAGS = "-DNS_BLOCK_ASSERTIONS=1";
				SDKROOT = iphoneos;
				VALIDATE_PRODUCT = YES;
			};
			name = Release;
		};
		C821065E16B74F8100650F12 /* Debug */ = {
			isa = XCBuildConfiguration;
			buildSettings = {
				GCC_PRECOMPILE_PREFIX_HEADER = YES;
				GCC_PREFIX_HEADER = "iOSAssignment 1/iOSAssignment 1-Prefix.pch";
				INFOPLIST_FILE = "iOSAssignment 1/iOSAssignment 1-Info.plist";
				PRODUCT_NAME = "$(TARGET_NAME)";
				WRAPPER_EXTENSION = app;
			};
			name = Debug;
		};
		C821065F16B74F8100650F12 /* Release */ = {
			isa = XCBuildConfiguration;
			buildSettings = {
				GCC_PRECOMPILE_PREFIX_HEADER = YES;
				GCC_PREFIX_HEADER = "iOSAssignment 1/iOSAssignment 1-Prefix.pch";
				INFOPLIST_FILE = "iOSAssignment 1/iOSAssignment 1-Info.plist";
				PRODUCT_NAME = "$(TARGET_NAME)";
				WRAPPER_EXTENSION = app;
			};
			name = Release;
		};
		C821066116B74F8100650F12 /* Debug */ = {
			isa = XCBuildConfiguration;
			buildSettings = {
				BUNDLE_LOADER = "$(BUILT_PRODUCTS_DIR)/iOSAssignment 1.app/iOSAssignment 1";
				FRAMEWORK_SEARCH_PATHS = (
					"\"$(SDKROOT)/Developer/Library/Frameworks\"",
					"\"$(DEVELOPER_LIBRARY_DIR)/Frameworks\"",
				);
				GCC_PRECOMPILE_PREFIX_HEADER = YES;
				GCC_PREFIX_HEADER = "iOSAssignment 1/iOSAssignment 1-Prefix.pch";
				INFOPLIST_FILE = "iOSAssignment 1Tests/iOSAssignment 1Tests-Info.plist";
				PRODUCT_NAME = "$(TARGET_NAME)";
				TEST_HOST = "$(BUNDLE_LOADER)";
				WRAPPER_EXTENSION = octest;
			};
			name = Debug;
		};
		C821066216B74F8100650F12 /* Release */ = {
			isa = XCBuildConfiguration;
			buildSettings = {
				BUNDLE_LOADER = "$(BUILT_PRODUCTS_DIR)/iOSAssignment 1.app/iOSAssignment 1";
				FRAMEWORK_SEARCH_PATHS = (
					"\"$(SDKROOT)/Developer/Library/Frameworks\"",
					"\"$(DEVELOPER_LIBRARY_DIR)/Frameworks\"",
				);
				GCC_PRECOMPILE_PREFIX_HEADER = YES;
				GCC_PREFIX_HEADER = "iOSAssignment 1/iOSAssignment 1-Prefix.pch";
				INFOPLIST_FILE = "iOSAssignment 1Tests/iOSAssignment 1Tests-Info.plist";
				PRODUCT_NAME = "$(TARGET_NAME)";
				TEST_HOST = "$(BUNDLE_LOADER)";
				WRAPPER_EXTENSION = octest;
			};
			name = Release;
		};
/* End XCBuildConfiguration section */

/* Begin XCConfigurationList section */
		C821061E16B74F8100650F12 /* Build configuration list for PBXProject "iOSAssignment 1" */ = {
			isa = XCConfigurationList;
			buildConfigurations = (
				C821065B16B74F8100650F12 /* Debug */,
				C821065C16B74F8100650F12 /* Release */,
			);
			defaultConfigurationIsVisible = 0;
			defaultConfigurationName = Release;
		};
		C821065D16B74F8100650F12 /* Build configuration list for PBXNativeTarget "iOSAssignment 1" */ = {
			isa = XCConfigurationList;
			buildConfigurations = (
				C821065E16B74F8100650F12 /* Debug */,
				C821065F16B74F8100650F12 /* Release */,
			);
			defaultConfigurationIsVisible = 0;
		};
		C821066016B74F8100650F12 /* Build configuration list for PBXNativeTarget "iOSAssignment 1Tests" */ = {
			isa = XCConfigurationList;
			buildConfigurations = (
				C821066116B74F8100650F12 /* Debug */,
				C821066216B74F8100650F12 /* Release */,
			);
			defaultConfigurationIsVisible = 0;
		};
/* End XCConfigurationList section */
	};
	rootObject = C821061B16B74F8100650F12 /* Project object */;
}
