// !$*UTF8*$!
{
	archiveVersion = 1;
	classes = {
	};
	objectVersion = 46;
	objects = {

/* Begin PBXBuildFile section */
		C3B4067916D7D80700264EB6 /* UIKit.framework in Frameworks */ = {isa = PBXBuildFile; fileRef = C3B4067816D7D80700264EB6 /* UIKit.framework */; };
		C3B4067B16D7D80700264EB6 /* Foundation.framework in Frameworks */ = {isa = PBXBuildFile; fileRef = C3B4067A16D7D80700264EB6 /* Foundation.framework */; };
		C3B4067D16D7D80700264EB6 /* CoreGraphics.framework in Frameworks */ = {isa = PBXBuildFile; fileRef = C3B4067C16D7D80700264EB6 /* CoreGraphics.framework */; };
		C3B4068316D7D80700264EB6 /* InfoPlist.strings in Resources */ = {isa = PBXBuildFile; fileRef = C3B4068116D7D80700264EB6 /* InfoPlist.strings */; };
		C3B4068516D7D80700264EB6 /* main.m in Sources */ = {isa = PBXBuildFile; fileRef = C3B4068416D7D80700264EB6 /* main.m */; };
		C3B4068916D7D80700264EB6 /* PDAppDelegate.m in Sources */ = {isa = PBXBuildFile; fileRef = C3B4068816D7D80700264EB6 /* PDAppDelegate.m */; };
		C3B4068B16D7D80700264EB6 /* Default.png in Resources */ = {isa = PBXBuildFile; fileRef = C3B4068A16D7D80700264EB6 /* Default.png */; };
		C3B4068D16D7D80700264EB6 /* Default@2x.png in Resources */ = {isa = PBXBuildFile; fileRef = C3B4068C16D7D80700264EB6 /* Default@2x.png */; };
		C3B4068F16D7D80700264EB6 /* Default-568h@2x.png in Resources */ = {isa = PBXBuildFile; fileRef = C3B4068E16D7D80700264EB6 /* Default-568h@2x.png */; };
		C3B4069216D7D80700264EB6 /* MainStoryboard.storyboard in Resources */ = {isa = PBXBuildFile; fileRef = C3B4069016D7D80700264EB6 /* MainStoryboard.storyboard */; };
		C3B4069516D7D80700264EB6 /* PDViewController.m in Sources */ = {isa = PBXBuildFile; fileRef = C3B4069416D7D80700264EB6 /* PDViewController.m */; };
/* End PBXBuildFile section */

/* Begin PBXFileReference section */
		C3B4067516D7D80700264EB6 /* picker-demo.app */ = {isa = PBXFileReference; explicitFileType = wrapper.application; includeInIndex = 0; path = "picker-demo.app"; sourceTree = BUILT_PRODUCTS_DIR; };
		C3B4067816D7D80700264EB6 /* UIKit.framework */ = {isa = PBXFileReference; lastKnownFileType = wrapper.framework; name = UIKit.framework; path = System/Library/Frameworks/UIKit.framework; sourceTree = SDKROOT; };
		C3B4067A16D7D80700264EB6 /* Foundation.framework */ = {isa = PBXFileReference; lastKnownFileType = wrapper.framework; name = Foundation.framework; path = System/Library/Frameworks/Foundation.framework; sourceTree = SDKROOT; };
		C3B4067C16D7D80700264EB6 /* CoreGraphics.framework */ = {isa = PBXFileReference; lastKnownFileType = wrapper.framework; name = CoreGraphics.framework; path = System/Library/Frameworks/CoreGraphics.framework; sourceTree = SDKROOT; };
		C3B4068016D7D80700264EB6 /* picker-demo-Info.plist */ = {isa = PBXFileReference; lastKnownFileType = text.plist.xml; path = "picker-demo-Info.plist"; sourceTree = "<group>"; };
		C3B4068216D7D80700264EB6 /* en */ = {isa = PBXFileReference; lastKnownFileType = text.plist.strings; name = en; path = en.lproj/InfoPlist.strings; sourceTree = "<group>"; };
		C3B4068416D7D80700264EB6 /* main.m */ = {isa = PBXFileReference; lastKnownFileType = sourcecode.c.objc; path = main.m; sourceTree = "<group>"; };
		C3B4068616D7D80700264EB6 /* picker-demo-Prefix.pch */ = {isa = PBXFileReference; lastKnownFileType = sourcecode.c.h; path = "picker-demo-Prefix.pch"; sourceTree = "<group>"; };
		C3B4068716D7D80700264EB6 /* PDAppDelegate.h */ = {isa = PBXFileReference; lastKnownFileType = sourcecode.c.h; path = PDAppDelegate.h; sourceTree = "<group>"; };
		C3B4068816D7D80700264EB6 /* PDAppDelegate.m */ = {isa = PBXFileReference; lastKnownFileType = sourcecode.c.objc; path = PDAppDelegate.m; sourceTree = "<group>"; };
		C3B4068A16D7D80700264EB6 /* Default.png */ = {isa = PBXFileReference; lastKnownFileType = image.png; path = Default.png; sourceTree = "<group>"; };
		C3B4068C16D7D80700264EB6 /* Default@2x.png */ = {isa = PBXFileReference; lastKnownFileType = image.png; path = "Default@2x.png"; sourceTree = "<group>"; };
		C3B4068E16D7D80700264EB6 /* Default-568h@2x.png */ = {isa = PBXFileReference; lastKnownFileType = image.png; path = "Default-568h@2x.png"; sourceTree = "<group>"; };
		C3B4069116D7D80700264EB6 /* en */ = {isa = PBXFileReference; lastKnownFileType = file.storyboard; name = en; path = en.lproj/MainStoryboard.storyboard; sourceTree = "<group>"; };
		C3B4069316D7D80700264EB6 /* PDViewController.h */ = {isa = PBXFileReference; lastKnownFileType = sourcecode.c.h; path = PDViewController.h; sourceTree = "<group>"; };
		C3B4069416D7D80700264EB6 /* PDViewController.m */ = {isa = PBXFileReference; lastKnownFileType = sourcecode.c.objc; path = PDViewController.m; sourceTree = "<group>"; };
/* End PBXFileReference section */

/* Begin PBXFrameworksBuildPhase section */
		C3B4067216D7D80700264EB6 /* Frameworks */ = {
			isa = PBXFrameworksBuildPhase;
			buildActionMask = 2147483647;
			files = (
				C3B4067916D7D80700264EB6 /* UIKit.framework in Frameworks */,
				C3B4067B16D7D80700264EB6 /* Foundation.framework in Frameworks */,
				C3B4067D16D7D80700264EB6 /* CoreGraphics.framework in Frameworks */,
			);
			runOnlyForDeploymentPostprocessing = 0;
		};
/* End PBXFrameworksBuildPhase section */

/* Begin PBXGroup section */
		C3B4066C16D7D80700264EB6 = {
			isa = PBXGroup;
			children = (
				C3B4067E16D7D80700264EB6 /* picker-demo */,
				C3B4067716D7D80700264EB6 /* Frameworks */,
				C3B4067616D7D80700264EB6 /* Products */,
			);
			sourceTree = "<group>";
		};
		C3B4067616D7D80700264EB6 /* Products */ = {
			isa = PBXGroup;
			children = (
				C3B4067516D7D80700264EB6 /* picker-demo.app */,
			);
			name = Products;
			sourceTree = "<group>";
		};
		C3B4067716D7D80700264EB6 /* Frameworks */ = {
			isa = PBXGroup;
			children = (
				C3B4067816D7D80700264EB6 /* UIKit.framework */,
				C3B4067A16D7D80700264EB6 /* Foundation.framework */,
				C3B4067C16D7D80700264EB6 /* CoreGraphics.framework */,
			);
			name = Frameworks;
			sourceTree = "<group>";
		};
		C3B4067E16D7D80700264EB6 /* picker-demo */ = {
			isa = PBXGroup;
			children = (
				C3B4068716D7D80700264EB6 /* PDAppDelegate.h */,
				C3B4068816D7D80700264EB6 /* PDAppDelegate.m */,
				C3B4069016D7D80700264EB6 /* MainStoryboard.storyboard */,
				C3B4069316D7D80700264EB6 /* PDViewController.h */,
				C3B4069416D7D80700264EB6 /* PDViewController.m */,
				C3B4067F16D7D80700264EB6 /* Supporting Files */,
			);
			path = "picker-demo";
			sourceTree = "<group>";
		};
		C3B4067F16D7D80700264EB6 /* Supporting Files */ = {
			isa = PBXGroup;
			children = (
				C3B4068016D7D80700264EB6 /* picker-demo-Info.plist */,
				C3B4068116D7D80700264EB6 /* InfoPlist.strings */,
				C3B4068416D7D80700264EB6 /* main.m */,
				C3B4068616D7D80700264EB6 /* picker-demo-Prefix.pch */,
				C3B4068A16D7D80700264EB6 /* Default.png */,
				C3B4068C16D7D80700264EB6 /* Default@2x.png */,
				C3B4068E16D7D80700264EB6 /* Default-568h@2x.png */,
			);
			name = "Supporting Files";
			sourceTree = "<group>";
		};
/* End PBXGroup section */

/* Begin PBXNativeTarget section */
		C3B4067416D7D80700264EB6 /* picker-demo */ = {
			isa = PBXNativeTarget;
			buildConfigurationList = C3B4069816D7D80700264EB6 /* Build configuration list for PBXNativeTarget "picker-demo" */;
			buildPhases = (
				C3B4067116D7D80700264EB6 /* Sources */,
				C3B4067216D7D80700264EB6 /* Frameworks */,
				C3B4067316D7D80700264EB6 /* Resources */,
			);
			buildRules = (
			);
			dependencies = (
			);
			name = "picker-demo";
			productName = "picker-demo";
			productReference = C3B4067516D7D80700264EB6 /* picker-demo.app */;
			productType = "com.apple.product-type.application";
		};
/* End PBXNativeTarget section */

/* Begin PBXProject section */
		C3B4066D16D7D80700264EB6 /* Project object */ = {
			isa = PBXProject;
			attributes = {
				CLASSPREFIX = PD;
				LastUpgradeCheck = 0460;
				ORGANIZATIONNAME = "General UI, LLC";
			};
			buildConfigurationList = C3B4067016D7D80700264EB6 /* Build configuration list for PBXProject "picker-demo" */;
			compatibilityVersion = "Xcode 3.2";
			developmentRegion = English;
			hasScannedForEncodings = 0;
			knownRegions = (
				en,
			);
			mainGroup = C3B4066C16D7D80700264EB6;
			productRefGroup = C3B4067616D7D80700264EB6 /* Products */;
			projectDirPath = "";
			projectRoot = "";
			targets = (
				C3B4067416D7D80700264EB6 /* picker-demo */,
			);
		};
/* End PBXProject section */

/* Begin PBXResourcesBuildPhase section */
		C3B4067316D7D80700264EB6 /* Resources */ = {
			isa = PBXResourcesBuildPhase;
			buildActionMask = 2147483647;
			files = (
				C3B4068316D7D80700264EB6 /* InfoPlist.strings in Resources */,
				C3B4068B16D7D80700264EB6 /* Default.png in Resources */,
				C3B4068D16D7D80700264EB6 /* Default@2x.png in Resources */,
				C3B4068F16D7D80700264EB6 /* Default-568h@2x.png in Resources */,
				C3B4069216D7D80700264EB6 /* MainStoryboard.storyboard in Resources */,
			);
			runOnlyForDeploymentPostprocessing = 0;
		};
/* End PBXResourcesBuildPhase section */

/* Begin PBXSourcesBuildPhase section */
		C3B4067116D7D80700264EB6 /* Sources */ = {
			isa = PBXSourcesBuildPhase;
			buildActionMask = 2147483647;
			files = (
				C3B4068516D7D80700264EB6 /* main.m in Sources */,
				C3B4068916D7D80700264EB6 /* PDAppDelegate.m in Sources */,
				C3B4069516D7D80700264EB6 /* PDViewController.m in Sources */,
			);
			runOnlyForDeploymentPostprocessing = 0;
		};
/* End PBXSourcesBuildPhase section */

/* Begin PBXVariantGroup section */
		C3B4068116D7D80700264EB6 /* InfoPlist.strings */ = {
			isa = PBXVariantGroup;
			children = (
				C3B4068216D7D80700264EB6 /* en */,
			);
			name = InfoPlist.strings;
			sourceTree = "<group>";
		};
		C3B4069016D7D80700264EB6 /* MainStoryboard.storyboard */ = {
			isa = PBXVariantGroup;
			children = (
				C3B4069116D7D80700264EB6 /* en */,
			);
			name = MainStoryboard.storyboard;
			sourceTree = "<group>";
		};
/* End PBXVariantGroup section */

/* Begin XCBuildConfiguration section */
		C3B4069616D7D80700264EB6 /* Debug */ = {
			isa = XCBuildConfiguration;
			buildSettings = {
				ALWAYS_SEARCH_USER_PATHS = NO;
				CLANG_CXX_LANGUAGE_STANDARD = "gnu++0x";
				CLANG_CXX_LIBRARY = "libc++";
				CLANG_ENABLE_OBJC_ARC = YES;
				CLANG_WARN_CONSTANT_CONVERSION = YES;
				CLANG_WARN_EMPTY_BODY = YES;
				CLANG_WARN_ENUM_CONVERSION = YES;
				CLANG_WARN_INT_CONVERSION = YES;
				CLANG_WARN__DUPLICATE_METHOD_MATCH = YES;
				"CODE_SIGN_IDENTITY[sdk=iphoneos*]" = "iPhone Developer";
				COPY_PHASE_STRIP = NO;
				GCC_C_LANGUAGE_STANDARD = gnu99;
				GCC_DYNAMIC_NO_PIC = NO;
				GCC_OPTIMIZATION_LEVEL = 0;
				GCC_PREPROCESSOR_DEFINITIONS = (
					"DEBUG=1",
					"$(inherited)",
				);
				GCC_SYMBOLS_PRIVATE_EXTERN = NO;
				GCC_WARN_ABOUT_RETURN_TYPE = YES;
				GCC_WARN_UNINITIALIZED_AUTOS = YES;
				GCC_WARN_UNUSED_VARIABLE = YES;
				IPHONEOS_DEPLOYMENT_TARGET = 6.1;
				ONLY_ACTIVE_ARCH = YES;
				SDKROOT = iphoneos;
			};
			name = Debug;
		};
		C3B4069716D7D80700264EB6 /* Release */ = {
			isa = XCBuildConfiguration;
			buildSettings = {
				ALWAYS_SEARCH_USER_PATHS = NO;
				CLANG_CXX_LANGUAGE_STANDARD = "gnu++0x";
				CLANG_CXX_LIBRARY = "libc++";
				CLANG_ENABLE_OBJC_ARC = YES;
				CLANG_WARN_CONSTANT_CONVERSION = YES;
				CLANG_WARN_EMPTY_BODY = YES;
				CLANG_WARN_ENUM_CONVERSION = YES;
				CLANG_WARN_INT_CONVERSION = YES;
				CLANG_WARN__DUPLICATE_METHOD_MATCH = YES;
				"CODE_SIGN_IDENTITY[sdk=iphoneos*]" = "iPhone Developer";
				COPY_PHASE_STRIP = YES;
				GCC_C_LANGUAGE_STANDARD = gnu99;
				GCC_WARN_ABOUT_RETURN_TYPE = YES;
				GCC_WARN_UNINITIALIZED_AUTOS = YES;
				GCC_WARN_UNUSED_VARIABLE = YES;
				IPHONEOS_DEPLOYMENT_TARGET = 6.1;
				OTHER_CFLAGS = "-DNS_BLOCK_ASSERTIONS=1";
				SDKROOT = iphoneos;
				VALIDATE_PRODUCT = YES;
			};
			name = Release;
		};
		C3B4069916D7D80700264EB6 /* Debug */ = {
			isa = XCBuildConfiguration;
			buildSettings = {
				GCC_PRECOMPILE_PREFIX_HEADER = YES;
				GCC_PREFIX_HEADER = "picker-demo/picker-demo-Prefix.pch";
				INFOPLIST_FILE = "picker-demo/picker-demo-Info.plist";
				PRODUCT_NAME = "$(TARGET_NAME)";
				WRAPPER_EXTENSION = app;
			};
			name = Debug;
		};
		C3B4069A16D7D80700264EB6 /* Release */ = {
			isa = XCBuildConfiguration;
			buildSettings = {
				GCC_PRECOMPILE_PREFIX_HEADER = YES;
				GCC_PREFIX_HEADER = "picker-demo/picker-demo-Prefix.pch";
				INFOPLIST_FILE = "picker-demo/picker-demo-Info.plist";
				PRODUCT_NAME = "$(TARGET_NAME)";
				WRAPPER_EXTENSION = app;
			};
			name = Release;
		};
/* End XCBuildConfiguration section */

/* Begin XCConfigurationList section */
		C3B4067016D7D80700264EB6 /* Build configuration list for PBXProject "picker-demo" */ = {
			isa = XCConfigurationList;
			buildConfigurations = (
				C3B4069616D7D80700264EB6 /* Debug */,
				C3B4069716D7D80700264EB6 /* Release */,
			);
			defaultConfigurationIsVisible = 0;
			defaultConfigurationName = Release;
		};
		C3B4069816D7D80700264EB6 /* Build configuration list for PBXNativeTarget "picker-demo" */ = {
			isa = XCConfigurationList;
			buildConfigurations = (
				C3B4069916D7D80700264EB6 /* Debug */,
				C3B4069A16D7D80700264EB6 /* Release */,
			);
			defaultConfigurationIsVisible = 0;
		};
/* End XCConfigurationList section */
	};
	rootObject = C3B4066D16D7D80700264EB6 /* Project object */;
}
