// !$*UTF8*$!
{
	archiveVersion = 1;
	classes = {
	};
	objectVersion = 46;
	objects = {

/* Begin PBXBuildFile section */
		C821059016B74C6200650F12 /* UIKit.framework in Frameworks */ = {isa = PBXBuildFile; fileRef = C821058F16B74C6200650F12 /* UIKit.framework */; };
		C821059216B74C6200650F12 /* Foundation.framework in Frameworks */ = {isa = PBXBuildFile; fileRef = C821059116B74C6200650F12 /* Foundation.framework */; };
		C821059416B74C6200650F12 /* CoreGraphics.framework in Frameworks */ = {isa = PBXBuildFile; fileRef = C821059316B74C6200650F12 /* CoreGraphics.framework */; };
		C821059A16B74C6200650F12 /* InfoPlist.strings in Resources */ = {isa = PBXBuildFile; fileRef = C821059816B74C6200650F12 /* InfoPlist.strings */; };
		C821059C16B74C6200650F12 /* main.m in Sources */ = {isa = PBXBuildFile; fileRef = C821059B16B74C6200650F12 /* main.m */; };
		C82105A016B74C6300650F12 /* CSCI494AppDelegate.m in Sources */ = {isa = PBXBuildFile; fileRef = C821059F16B74C6300650F12 /* CSCI494AppDelegate.m */; };
		C82105A216B74C6300650F12 /* Default.png in Resources */ = {isa = PBXBuildFile; fileRef = C82105A116B74C6300650F12 /* Default.png */; };
		C82105A416B74C6300650F12 /* Default@2x.png in Resources */ = {isa = PBXBuildFile; fileRef = C82105A316B74C6300650F12 /* Default@2x.png */; };
		C82105A616B74C6300650F12 /* Default-568h@2x.png in Resources */ = {isa = PBXBuildFile; fileRef = C82105A516B74C6300650F12 /* Default-568h@2x.png */; };
		C82105A916B74C6300650F12 /* MainStoryboard.storyboard in Resources */ = {isa = PBXBuildFile; fileRef = C82105A716B74C6300650F12 /* MainStoryboard.storyboard */; };
		C82105AC16B74C6300650F12 /* CSCI494MainViewController.m in Sources */ = {isa = PBXBuildFile; fileRef = C82105AB16B74C6300650F12 /* CSCI494MainViewController.m */; };
		C82105AF16B74C6300650F12 /* CSCI494FlipsideViewController.m in Sources */ = {isa = PBXBuildFile; fileRef = C82105AE16B74C6300650F12 /* CSCI494FlipsideViewController.m */; };
		C82105B716B74C6300650F12 /* SenTestingKit.framework in Frameworks */ = {isa = PBXBuildFile; fileRef = C82105B616B74C6300650F12 /* SenTestingKit.framework */; };
		C82105B816B74C6300650F12 /* UIKit.framework in Frameworks */ = {isa = PBXBuildFile; fileRef = C821058F16B74C6200650F12 /* UIKit.framework */; };
		C82105B916B74C6300650F12 /* Foundation.framework in Frameworks */ = {isa = PBXBuildFile; fileRef = C821059116B74C6200650F12 /* Foundation.framework */; };
		C82105C116B74C6300650F12 /* InfoPlist.strings in Resources */ = {isa = PBXBuildFile; fileRef = C82105BF16B74C6300650F12 /* InfoPlist.strings */; };
		C82105C416B74C6300650F12 /* iOSAssignment1Tests.m in Sources */ = {isa = PBXBuildFile; fileRef = C82105C316B74C6300650F12 /* iOSAssignment1Tests.m */; };
/* End PBXBuildFile section */

/* Begin PBXContainerItemProxy section */
		C82105BA16B74C6300650F12 /* PBXContainerItemProxy */ = {
			isa = PBXContainerItemProxy;
			containerPortal = C821058216B74C6200650F12 /* Project object */;
			proxyType = 1;
			remoteGlobalIDString = C821058A16B74C6200650F12;
			remoteInfo = iOSAssignment1;
		};
/* End PBXContainerItemProxy section */

/* Begin PBXFileReference section */
		C821058B16B74C6200650F12 /* iOSAssignment1.app */ = {isa = PBXFileReference; explicitFileType = wrapper.application; includeInIndex = 0; path = iOSAssignment1.app; sourceTree = BUILT_PRODUCTS_DIR; };
		C821058F16B74C6200650F12 /* UIKit.framework */ = {isa = PBXFileReference; lastKnownFileType = wrapper.framework; name = UIKit.framework; path = System/Library/Frameworks/UIKit.framework; sourceTree = SDKROOT; };
		C821059116B74C6200650F12 /* Foundation.framework */ = {isa = PBXFileReference; lastKnownFileType = wrapper.framework; name = Foundation.framework; path = System/Library/Frameworks/Foundation.framework; sourceTree = SDKROOT; };
		C821059316B74C6200650F12 /* CoreGraphics.framework */ = {isa = PBXFileReference; lastKnownFileType = wrapper.framework; name = CoreGraphics.framework; path = System/Library/Frameworks/CoreGraphics.framework; sourceTree = SDKROOT; };
		C821059716B74C6200650F12 /* iOSAssignment1-Info.plist */ = {isa = PBXFileReference; lastKnownFileType = text.plist.xml; path = "iOSAssignment1-Info.plist"; sourceTree = "<group>"; };
		C821059916B74C6200650F12 /* en */ = {isa = PBXFileReference; lastKnownFileType = text.plist.strings; name = en; path = en.lproj/InfoPlist.strings; sourceTree = "<group>"; };
		C821059B16B74C6200650F12 /* main.m */ = {isa = PBXFileReference; lastKnownFileType = sourcecode.c.objc; path = main.m; sourceTree = "<group>"; };
		C821059D16B74C6300650F12 /* iOSAssignment1-Prefix.pch */ = {isa = PBXFileReference; lastKnownFileType = sourcecode.c.h; path = "iOSAssignment1-Prefix.pch"; sourceTree = "<group>"; };
		C821059E16B74C6300650F12 /* CSCI494AppDelegate.h */ = {isa = PBXFileReference; lastKnownFileType = sourcecode.c.h; path = CSCI494AppDelegate.h; sourceTree = "<group>"; };
		C821059F16B74C6300650F12 /* CSCI494AppDelegate.m */ = {isa = PBXFileReference; lastKnownFileType = sourcecode.c.objc; path = CSCI494AppDelegate.m; sourceTree = "<group>"; };
		C82105A116B74C6300650F12 /* Default.png */ = {isa = PBXFileReference; lastKnownFileType = image.png; path = Default.png; sourceTree = "<group>"; };
		C82105A316B74C6300650F12 /* Default@2x.png */ = {isa = PBXFileReference; lastKnownFileType = image.png; path = "Default@2x.png"; sourceTree = "<group>"; };
		C82105A516B74C6300650F12 /* Default-568h@2x.png */ = {isa = PBXFileReference; lastKnownFileType = image.png; path = "Default-568h@2x.png"; sourceTree = "<group>"; };
		C82105A816B74C6300650F12 /* en */ = {isa = PBXFileReference; lastKnownFileType = file.storyboard; name = en; path = en.lproj/MainStoryboard.storyboard; sourceTree = "<group>"; };
		C82105AA16B74C6300650F12 /* CSCI494MainViewController.h */ = {isa = PBXFileReference; lastKnownFileType = sourcecode.c.h; path = CSCI494MainViewController.h; sourceTree = "<group>"; };
		C82105AB16B74C6300650F12 /* CSCI494MainViewController.m */ = {isa = PBXFileReference; lastKnownFileType = sourcecode.c.objc; path = CSCI494MainViewController.m; sourceTree = "<group>"; };
		C82105AD16B74C6300650F12 /* CSCI494FlipsideViewController.h */ = {isa = PBXFileReference; lastKnownFileType = sourcecode.c.h; path = CSCI494FlipsideViewController.h; sourceTree = "<group>"; };
		C82105AE16B74C6300650F12 /* CSCI494FlipsideViewController.m */ = {isa = PBXFileReference; lastKnownFileType = sourcecode.c.objc; path = CSCI494FlipsideViewController.m; sourceTree = "<group>"; };
		C82105B516B74C6300650F12 /* iOSAssignment1Tests.octest */ = {isa = PBXFileReference; explicitFileType = wrapper.cfbundle; includeInIndex = 0; path = iOSAssignment1Tests.octest; sourceTree = BUILT_PRODUCTS_DIR; };
		C82105B616B74C6300650F12 /* SenTestingKit.framework */ = {isa = PBXFileReference; lastKnownFileType = wrapper.framework; name = SenTestingKit.framework; path = Library/Frameworks/SenTestingKit.framework; sourceTree = DEVELOPER_DIR; };
		C82105BE16B74C6300650F12 /* iOSAssignment1Tests-Info.plist */ = {isa = PBXFileReference; lastKnownFileType = text.plist.xml; path = "iOSAssignment1Tests-Info.plist"; sourceTree = "<group>"; };
		C82105C016B74C6300650F12 /* en */ = {isa = PBXFileReference; lastKnownFileType = text.plist.strings; name = en; path = en.lproj/InfoPlist.strings; sourceTree = "<group>"; };
		C82105C216B74C6300650F12 /* iOSAssignment1Tests.h */ = {isa = PBXFileReference; lastKnownFileType = sourcecode.c.h; path = iOSAssignment1Tests.h; sourceTree = "<group>"; };
		C82105C316B74C6300650F12 /* iOSAssignment1Tests.m */ = {isa = PBXFileReference; lastKnownFileType = sourcecode.c.objc; path = iOSAssignment1Tests.m; sourceTree = "<group>"; };
/* End PBXFileReference section */

/* Begin PBXFrameworksBuildPhase section */
		C821058816B74C6200650F12 /* Frameworks */ = {
			isa = PBXFrameworksBuildPhase;
			buildActionMask = 2147483647;
			files = (
				C821059016B74C6200650F12 /* UIKit.framework in Frameworks */,
				C821059216B74C6200650F12 /* Foundation.framework in Frameworks */,
				C821059416B74C6200650F12 /* CoreGraphics.framework in Frameworks */,
			);
			runOnlyForDeploymentPostprocessing = 0;
		};
		C82105B116B74C6300650F12 /* Frameworks */ = {
			isa = PBXFrameworksBuildPhase;
			buildActionMask = 2147483647;
			files = (
				C82105B716B74C6300650F12 /* SenTestingKit.framework in Frameworks */,
				C82105B816B74C6300650F12 /* UIKit.framework in Frameworks */,
				C82105B916B74C6300650F12 /* Foundation.framework in Frameworks */,
			);
			runOnlyForDeploymentPostprocessing = 0;
		};
/* End PBXFrameworksBuildPhase section */

/* Begin PBXGroup section */
		C821058016B74C6200650F12 = {
			isa = PBXGroup;
			children = (
				C821059516B74C6200650F12 /* iOSAssignment1 */,
				C82105BC16B74C6300650F12 /* iOSAssignment1Tests */,
				C821058E16B74C6200650F12 /* Frameworks */,
				C821058C16B74C6200650F12 /* Products */,
			);
			sourceTree = "<group>";
		};
		C821058C16B74C6200650F12 /* Products */ = {
			isa = PBXGroup;
			children = (
				C821058B16B74C6200650F12 /* iOSAssignment1.app */,
				C82105B516B74C6300650F12 /* iOSAssignment1Tests.octest */,
			);
			name = Products;
			sourceTree = "<group>";
		};
		C821058E16B74C6200650F12 /* Frameworks */ = {
			isa = PBXGroup;
			children = (
				C821058F16B74C6200650F12 /* UIKit.framework */,
				C821059116B74C6200650F12 /* Foundation.framework */,
				C821059316B74C6200650F12 /* CoreGraphics.framework */,
				C82105B616B74C6300650F12 /* SenTestingKit.framework */,
			);
			name = Frameworks;
			sourceTree = "<group>";
		};
		C821059516B74C6200650F12 /* iOSAssignment1 */ = {
			isa = PBXGroup;
			children = (
				C821059E16B74C6300650F12 /* CSCI494AppDelegate.h */,
				C821059F16B74C6300650F12 /* CSCI494AppDelegate.m */,
				C82105A716B74C6300650F12 /* MainStoryboard.storyboard */,
				C82105AA16B74C6300650F12 /* CSCI494MainViewController.h */,
				C82105AB16B74C6300650F12 /* CSCI494MainViewController.m */,
				C82105AD16B74C6300650F12 /* CSCI494FlipsideViewController.h */,
				C82105AE16B74C6300650F12 /* CSCI494FlipsideViewController.m */,
				C821059616B74C6200650F12 /* Supporting Files */,
			);
			path = iOSAssignment1;
			sourceTree = "<group>";
		};
		C821059616B74C6200650F12 /* Supporting Files */ = {
			isa = PBXGroup;
			children = (
				C821059716B74C6200650F12 /* iOSAssignment1-Info.plist */,
				C821059816B74C6200650F12 /* InfoPlist.strings */,
				C821059B16B74C6200650F12 /* main.m */,
				C821059D16B74C6300650F12 /* iOSAssignment1-Prefix.pch */,
				C82105A116B74C6300650F12 /* Default.png */,
				C82105A316B74C6300650F12 /* Default@2x.png */,
				C82105A516B74C6300650F12 /* Default-568h@2x.png */,
			);
			name = "Supporting Files";
			sourceTree = "<group>";
		};
		C82105BC16B74C6300650F12 /* iOSAssignment1Tests */ = {
			isa = PBXGroup;
			children = (
				C82105C216B74C6300650F12 /* iOSAssignment1Tests.h */,
				C82105C316B74C6300650F12 /* iOSAssignment1Tests.m */,
				C82105BD16B74C6300650F12 /* Supporting Files */,
			);
			path = iOSAssignment1Tests;
			sourceTree = "<group>";
		};
		C82105BD16B74C6300650F12 /* Supporting Files */ = {
			isa = PBXGroup;
			children = (
				C82105BE16B74C6300650F12 /* iOSAssignment1Tests-Info.plist */,
				C82105BF16B74C6300650F12 /* InfoPlist.strings */,
			);
			name = "Supporting Files";
			sourceTree = "<group>";
		};
/* End PBXGroup section */

/* Begin PBXNativeTarget section */
		C821058A16B74C6200650F12 /* iOSAssignment1 */ = {
			isa = PBXNativeTarget;
			buildConfigurationList = C82105C716B74C6300650F12 /* Build configuration list for PBXNativeTarget "iOSAssignment1" */;
			buildPhases = (
				C821058716B74C6200650F12 /* Sources */,
				C821058816B74C6200650F12 /* Frameworks */,
				C821058916B74C6200650F12 /* Resources */,
			);
			buildRules = (
			);
			dependencies = (
			);
			name = iOSAssignment1;
			productName = iOSAssignment1;
			productReference = C821058B16B74C6200650F12 /* iOSAssignment1.app */;
			productType = "com.apple.product-type.application";
		};
		C82105B416B74C6300650F12 /* iOSAssignment1Tests */ = {
			isa = PBXNativeTarget;
			buildConfigurationList = C82105CA16B74C6300650F12 /* Build configuration list for PBXNativeTarget "iOSAssignment1Tests" */;
			buildPhases = (
				C82105B016B74C6300650F12 /* Sources */,
				C82105B116B74C6300650F12 /* Frameworks */,
				C82105B216B74C6300650F12 /* Resources */,
				C82105B316B74C6300650F12 /* ShellScript */,
			);
			buildRules = (
			);
			dependencies = (
				C82105BB16B74C6300650F12 /* PBXTargetDependency */,
			);
			name = iOSAssignment1Tests;
			productName = iOSAssignment1Tests;
			productReference = C82105B516B74C6300650F12 /* iOSAssignment1Tests.octest */;
			productType = "com.apple.product-type.bundle";
		};
/* End PBXNativeTarget section */

/* Begin PBXProject section */
		C821058216B74C6200650F12 /* Project object */ = {
			isa = PBXProject;
			attributes = {
				CLASSPREFIX = CSCI494;
				LastUpgradeCheck = 0450;
				ORGANIZATIONNAME = "Andrew Wilson";
			};
			buildConfigurationList = C821058516B74C6200650F12 /* Build configuration list for PBXProject "iOSAssignment1" */;
			compatibilityVersion = "Xcode 3.2";
			developmentRegion = English;
			hasScannedForEncodings = 0;
			knownRegions = (
				en,
			);
			mainGroup = C821058016B74C6200650F12;
			productRefGroup = C821058C16B74C6200650F12 /* Products */;
			projectDirPath = "";
			projectRoot = "";
			targets = (
				C821058A16B74C6200650F12 /* iOSAssignment1 */,
				C82105B416B74C6300650F12 /* iOSAssignment1Tests */,
			);
		};
/* End PBXProject section */

/* Begin PBXResourcesBuildPhase section */
		C821058916B74C6200650F12 /* Resources */ = {
			isa = PBXResourcesBuildPhase;
			buildActionMask = 2147483647;
			files = (
				C821059A16B74C6200650F12 /* InfoPlist.strings in Resources */,
				C82105A216B74C6300650F12 /* Default.png in Resources */,
				C82105A416B74C6300650F12 /* Default@2x.png in Resources */,
				C82105A616B74C6300650F12 /* Default-568h@2x.png in Resources */,
				C82105A916B74C6300650F12 /* MainStoryboard.storyboard in Resources */,
			);
			runOnlyForDeploymentPostprocessing = 0;
		};
		C82105B216B74C6300650F12 /* Resources */ = {
			isa = PBXResourcesBuildPhase;
			buildActionMask = 2147483647;
			files = (
				C82105C116B74C6300650F12 /* InfoPlist.strings in Resources */,
			);
			runOnlyForDeploymentPostprocessing = 0;
		};
/* End PBXResourcesBuildPhase section */

/* Begin PBXShellScriptBuildPhase section */
		C82105B316B74C6300650F12 /* ShellScript */ = {
			isa = PBXShellScriptBuildPhase;
			buildActionMask = 2147483647;
			files = (
			);
			inputPaths = (
			);
			outputPaths = (
			);
			runOnlyForDeploymentPostprocessing = 0;
			shellPath = /bin/sh;
			shellScript = "# Run the unit tests in this test bundle.\n\"${SYSTEM_DEVELOPER_DIR}/Tools/RunUnitTests\"\n";
		};
/* End PBXShellScriptBuildPhase section */

/* Begin PBXSourcesBuildPhase section */
		C821058716B74C6200650F12 /* Sources */ = {
			isa = PBXSourcesBuildPhase;
			buildActionMask = 2147483647;
			files = (
				C821059C16B74C6200650F12 /* main.m in Sources */,
				C82105A016B74C6300650F12 /* CSCI494AppDelegate.m in Sources */,
				C82105AC16B74C6300650F12 /* CSCI494MainViewController.m in Sources */,
				C82105AF16B74C6300650F12 /* CSCI494FlipsideViewController.m in Sources */,
			);
			runOnlyForDeploymentPostprocessing = 0;
		};
		C82105B016B74C6300650F12 /* Sources */ = {
			isa = PBXSourcesBuildPhase;
			buildActionMask = 2147483647;
			files = (
				C82105C416B74C6300650F12 /* iOSAssignment1Tests.m in Sources */,
			);
			runOnlyForDeploymentPostprocessing = 0;
		};
/* End PBXSourcesBuildPhase section */

/* Begin PBXTargetDependency section */
		C82105BB16B74C6300650F12 /* PBXTargetDependency */ = {
			isa = PBXTargetDependency;
			target = C821058A16B74C6200650F12 /* iOSAssignment1 */;
			targetProxy = C82105BA16B74C6300650F12 /* PBXContainerItemProxy */;
		};
/* End PBXTargetDependency section */

/* Begin PBXVariantGroup section */
		C821059816B74C6200650F12 /* InfoPlist.strings */ = {
			isa = PBXVariantGroup;
			children = (
				C821059916B74C6200650F12 /* en */,
			);
			name = InfoPlist.strings;
			sourceTree = "<group>";
		};
		C82105A716B74C6300650F12 /* MainStoryboard.storyboard */ = {
			isa = PBXVariantGroup;
			children = (
				C82105A816B74C6300650F12 /* en */,
			);
			name = MainStoryboard.storyboard;
			sourceTree = "<group>";
		};
		C82105BF16B74C6300650F12 /* InfoPlist.strings */ = {
			isa = PBXVariantGroup;
			children = (
				C82105C016B74C6300650F12 /* en */,
			);
			name = InfoPlist.strings;
			sourceTree = "<group>";
		};
/* End PBXVariantGroup section */

/* Begin XCBuildConfiguration section */
		C82105C516B74C6300650F12 /* Debug */ = {
			isa = XCBuildConfiguration;
			buildSettings = {
				ALWAYS_SEARCH_USER_PATHS = NO;
				CLANG_CXX_LANGUAGE_STANDARD = "gnu++0x";
				CLANG_CXX_LIBRARY = "libc++";
				CLANG_ENABLE_OBJC_ARC = YES;
				CLANG_WARN_EMPTY_BODY = YES;
				CLANG_WARN__DUPLICATE_METHOD_MATCH = YES;
				"CODE_SIGN_IDENTITY[sdk=iphoneos*]" = "iPhone Developer";
				COPY_PHASE_STRIP = NO;
				GCC_C_LANGUAGE_STANDARD = gnu99;
				GCC_DYNAMIC_NO_PIC = NO;
				GCC_OPTIMIZATION_LEVEL = 0;
				GCC_PREPROCESSOR_DEFINITIONS = (
					"DEBUG=1",
					"$(inherited)",
				);
				GCC_SYMBOLS_PRIVATE_EXTERN = NO;
				GCC_WARN_ABOUT_RETURN_TYPE = YES;
				GCC_WARN_UNINITIALIZED_AUTOS = YES;
				GCC_WARN_UNUSED_VARIABLE = YES;
				IPHONEOS_DEPLOYMENT_TARGET = 6.0;
				ONLY_ACTIVE_ARCH = YES;
				SDKROOT = iphoneos;
			};
			name = Debug;
		};
		C82105C616B74C6300650F12 /* Release */ = {
			isa = XCBuildConfiguration;
			buildSettings = {
				ALWAYS_SEARCH_USER_PATHS = NO;
				CLANG_CXX_LANGUAGE_STANDARD = "gnu++0x";
				CLANG_CXX_LIBRARY = "libc++";
				CLANG_ENABLE_OBJC_ARC = YES;
				CLANG_WARN_EMPTY_BODY = YES;
				CLANG_WARN__DUPLICATE_METHOD_MATCH = YES;
				"CODE_SIGN_IDENTITY[sdk=iphoneos*]" = "iPhone Developer";
				COPY_PHASE_STRIP = YES;
				GCC_C_LANGUAGE_STANDARD = gnu99;
				GCC_WARN_ABOUT_RETURN_TYPE = YES;
				GCC_WARN_UNINITIALIZED_AUTOS = YES;
				GCC_WARN_UNUSED_VARIABLE = YES;
				IPHONEOS_DEPLOYMENT_TARGET = 6.0;
				OTHER_CFLAGS = "-DNS_BLOCK_ASSERTIONS=1";
				SDKROOT = iphoneos;
				VALIDATE_PRODUCT = YES;
			};
			name = Release;
		};
		C82105C816B74C6300650F12 /* Debug */ = {
			isa = XCBuildConfiguration;
			buildSettings = {
				GCC_PRECOMPILE_PREFIX_HEADER = YES;
				GCC_PREFIX_HEADER = "iOSAssignment1/iOSAssignment1-Prefix.pch";
				INFOPLIST_FILE = "iOSAssignment1/iOSAssignment1-Info.plist";
				PRODUCT_NAME = "$(TARGET_NAME)";
				WRAPPER_EXTENSION = app;
			};
			name = Debug;
		};
		C82105C916B74C6300650F12 /* Release */ = {
			isa = XCBuildConfiguration;
			buildSettings = {
				GCC_PRECOMPILE_PREFIX_HEADER = YES;
				GCC_PREFIX_HEADER = "iOSAssignment1/iOSAssignment1-Prefix.pch";
				INFOPLIST_FILE = "iOSAssignment1/iOSAssignment1-Info.plist";
				PRODUCT_NAME = "$(TARGET_NAME)";
				WRAPPER_EXTENSION = app;
			};
			name = Release;
		};
		C82105CB16B74C6300650F12 /* Debug */ = {
			isa = XCBuildConfiguration;
			buildSettings = {
				BUNDLE_LOADER = "$(BUILT_PRODUCTS_DIR)/iOSAssignment1.app/iOSAssignment1";
				FRAMEWORK_SEARCH_PATHS = (
					"\"$(SDKROOT)/Developer/Library/Frameworks\"",
					"\"$(DEVELOPER_LIBRARY_DIR)/Frameworks\"",
				);
				GCC_PRECOMPILE_PREFIX_HEADER = YES;
				GCC_PREFIX_HEADER = "iOSAssignment1/iOSAssignment1-Prefix.pch";
				INFOPLIST_FILE = "iOSAssignment1Tests/iOSAssignment1Tests-Info.plist";
				PRODUCT_NAME = "$(TARGET_NAME)";
				TEST_HOST = "$(BUNDLE_LOADER)";
				WRAPPER_EXTENSION = octest;
			};
			name = Debug;
		};
		C82105CC16B74C6300650F12 /* Release */ = {
			isa = XCBuildConfiguration;
			buildSettings = {
				BUNDLE_LOADER = "$(BUILT_PRODUCTS_DIR)/iOSAssignment1.app/iOSAssignment1";
				FRAMEWORK_SEARCH_PATHS = (
					"\"$(SDKROOT)/Developer/Library/Frameworks\"",
					"\"$(DEVELOPER_LIBRARY_DIR)/Frameworks\"",
				);
				GCC_PRECOMPILE_PREFIX_HEADER = YES;
				GCC_PREFIX_HEADER = "iOSAssignment1/iOSAssignment1-Prefix.pch";
				INFOPLIST_FILE = "iOSAssignment1Tests/iOSAssignment1Tests-Info.plist";
				PRODUCT_NAME = "$(TARGET_NAME)";
				TEST_HOST = "$(BUNDLE_LOADER)";
				WRAPPER_EXTENSION = octest;
			};
			name = Release;
		};
/* End XCBuildConfiguration section */

/* Begin XCConfigurationList section */
		C821058516B74C6200650F12 /* Build configuration list for PBXProject "iOSAssignment1" */ = {
			isa = XCConfigurationList;
			buildConfigurations = (
				C82105C516B74C6300650F12 /* Debug */,
				C82105C616B74C6300650F12 /* Release */,
			);
			defaultConfigurationIsVisible = 0;
			defaultConfigurationName = Release;
		};
		C82105C716B74C6300650F12 /* Build configuration list for PBXNativeTarget "iOSAssignment1" */ = {
			isa = XCConfigurationList;
			buildConfigurations = (
				C82105C816B74C6300650F12 /* Debug */,
				C82105C916B74C6300650F12 /* Release */,
			);
			defaultConfigurationIsVisible = 0;
		};
		C82105CA16B74C6300650F12 /* Build configuration list for PBXNativeTarget "iOSAssignment1Tests" */ = {
			isa = XCConfigurationList;
			buildConfigurations = (
				C82105CB16B74C6300650F12 /* Debug */,
				C82105CC16B74C6300650F12 /* Release */,
			);
			defaultConfigurationIsVisible = 0;
		};
/* End XCConfigurationList section */
	};
	rootObject = C821058216B74C6200650F12 /* Project object */;
}
